
Microsoft Visual Studio Solution File, Format Version 12.00
# Visual Studio Version 16
VisualStudioVersion = 16.0.30717.126
MinimumVisualStudioVersion = 10.0.40219.1
Project("{FAE04EC0-301F-11D3-BF4B-00C04F79EFBC}") = "Dynamics365.OData", "CRM.OData\Dynamics365.OData.csproj", "{BB0AA68E-EDFF-448E-95DC-56061FD3B64A}"
EndProject
Global
	GlobalSection(SolutionConfigurationPlatforms) = preSolution
		Debug|Any CPU = Debug|Any CPU
		Release|Any CPU = Release|Any CPU
	EndGlobalSection
	GlobalSection(ProjectConfigurationPlatforms) = postSolution
		{BB0AA68E-EDFF-448E-95DC-56061FD3B64A}.Debug|Any CPU.ActiveCfg = Debug|Any CPU
		{BB0AA68E-EDFF-448E-95DC-56061FD3B64A}.Debug|Any CPU.Build.0 = Debug|Any CPU
		{BB0AA68E-EDFF-448E-95DC-56061FD3B64A}.Release|Any CPU.ActiveCfg = Release|Any CPU
		{BB0AA68E-EDFF-448E-95DC-56061FD3B64A}.Release|Any CPU.Build.0 = Release|Any CPU
	EndGlobalSection
	GlobalSection(SolutionProperties) = preSolution
		HideSolutionNode = FALSE
	EndGlobalSection
	GlobalSection(ExtensibilityGlobals) = postSolution
		SolutionGuid = {705C0428-A3F4-4BC4-AF87-D0F84FE09D82}
	EndGlobalSection
EndGlobal
